
Microsoft Visual Studio Solution File, Format Version 12.00
# Visual Studio Version 17
VisualStudioVersion = 17.10.35027.167
MinimumVisualStudioVersion = 10.0.40219.1
Project("{FAE04EC0-301F-11D3-BF4B-00C04F79EFBC}") = "FirstProject", "FirstProject\FirstProject.csproj", "{72A64E53-7CF8-4801-9712-941C16E7EADB}"
EndProject
Global
	GlobalSection(SolutionConfigurationPlatforms) = preSolution
		Debug|Any CPU = Debug|Any CPU
		Release|Any CPU = Release|Any CPU
	EndGlobalSection
	GlobalSection(ProjectConfigurationPlatforms) = postSolution
		{72A64E53-7CF8-4801-9712-941C16E7EADB}.Debug|Any CPU.ActiveCfg = Debug|Any CPU
		{72A64E53-7CF8-4801-9712-941C16E7EADB}.Debug|Any CPU.Build.0 = Debug|Any CPU
		{72A64E53-7CF8-4801-9712-941C16E7EADB}.Release|Any CPU.ActiveCfg = Release|Any CPU
		{72A64E53-7CF8-4801-9712-941C16E7EADB}.Release|Any CPU.Build.0 = Release|Any CPU
	EndGlobalSection
	GlobalSection(SolutionProperties) = preSolution
		HideSolutionNode = FALSE
	EndGlobalSection
	GlobalSection(ExtensibilityGlobals) = postSolution
		SolutionGuid = {3C18307C-C041-4AC7-BE27-C2B9DDC34318}
	EndGlobalSection
EndGlobal
